
Microsoft Visual Studio Solution File, Format Version 12.00
# Visual Studio 15
VisualStudioVersion = 15.0.28307.102
MinimumVisualStudioVersion = 10.0.40219.1
Project("{FAE04EC0-301F-11D3-BF4B-00C04F79EFBC}") = "TransactionData", "TransactionData\TransactionData.csproj", "{27EBF7AA-4EF7-4B42-9CC4-7E869C3FCA09}"
EndProject
Project("{2150E333-8FDC-42A3-9474-1A3956D46DE8}") = "1.DataAccesLayer", "1.DataAccesLayer", "{C5291D82-51A4-4DDA-B0AE-1D7032BE8BB5}"
EndProject
Project("{2150E333-8FDC-42A3-9474-1A3956D46DE8}") = "2.BusinessLogicLayer", "2.BusinessLogicLayer", "{E1982527-C0B5-48A6-A86C-AD373A0A62D1}"
EndProject
Project("{2150E333-8FDC-42A3-9474-1A3956D46DE8}") = "3.PresentationLayer", "3.PresentationLayer", "{79B003E7-12E7-4D7D-83A7-AECF3A07BE20}"
EndProject
Project("{2150E333-8FDC-42A3-9474-1A3956D46DE8}") = "3.1.Web", "3.1.Web", "{5E5AB2A6-230C-44E0-835D-FB2E140DE853}"
EndProject
Project("{FAE04EC0-301F-11D3-BF4B-00C04F79EFBC}") = "TransactionData.DAL", "TransactionData.DAL\TransactionData.DAL.csproj", "{37117334-D2A4-47EE-AF39-FD44E95B69F2}"
EndProject
Project("{FAE04EC0-301F-11D3-BF4B-00C04F79EFBC}") = "TransactionData.Core", "TransactionData.Core\TransactionData.Core.csproj", "{B1B1F214-BF69-4AF2-8E76-1E8E3D84100F}"
EndProject
Global
	GlobalSection(SolutionConfigurationPlatforms) = preSolution
		Debug|Any CPU = Debug|Any CPU
		Release|Any CPU = Release|Any CPU
	EndGlobalSection
	GlobalSection(ProjectConfigurationPlatforms) = postSolution
		{27EBF7AA-4EF7-4B42-9CC4-7E869C3FCA09}.Debug|Any CPU.ActiveCfg = Debug|Any CPU
		{27EBF7AA-4EF7-4B42-9CC4-7E869C3FCA09}.Debug|Any CPU.Build.0 = Debug|Any CPU
		{27EBF7AA-4EF7-4B42-9CC4-7E869C3FCA09}.Release|Any CPU.ActiveCfg = Release|Any CPU
		{27EBF7AA-4EF7-4B42-9CC4-7E869C3FCA09}.Release|Any CPU.Build.0 = Release|Any CPU
		{37117334-D2A4-47EE-AF39-FD44E95B69F2}.Debug|Any CPU.ActiveCfg = Debug|Any CPU
		{37117334-D2A4-47EE-AF39-FD44E95B69F2}.Debug|Any CPU.Build.0 = Debug|Any CPU
		{37117334-D2A4-47EE-AF39-FD44E95B69F2}.Release|Any CPU.ActiveCfg = Release|Any CPU
		{37117334-D2A4-47EE-AF39-FD44E95B69F2}.Release|Any CPU.Build.0 = Release|Any CPU
		{B1B1F214-BF69-4AF2-8E76-1E8E3D84100F}.Debug|Any CPU.ActiveCfg = Debug|Any CPU
		{B1B1F214-BF69-4AF2-8E76-1E8E3D84100F}.Debug|Any CPU.Build.0 = Debug|Any CPU
		{B1B1F214-BF69-4AF2-8E76-1E8E3D84100F}.Release|Any CPU.ActiveCfg = Release|Any CPU
		{B1B1F214-BF69-4AF2-8E76-1E8E3D84100F}.Release|Any CPU.Build.0 = Release|Any CPU
	EndGlobalSection
	GlobalSection(SolutionProperties) = preSolution
		HideSolutionNode = FALSE
	EndGlobalSection
	GlobalSection(NestedProjects) = preSolution
		{27EBF7AA-4EF7-4B42-9CC4-7E869C3FCA09} = {5E5AB2A6-230C-44E0-835D-FB2E140DE853}
		{5E5AB2A6-230C-44E0-835D-FB2E140DE853} = {79B003E7-12E7-4D7D-83A7-AECF3A07BE20}
		{37117334-D2A4-47EE-AF39-FD44E95B69F2} = {C5291D82-51A4-4DDA-B0AE-1D7032BE8BB5}
		{B1B1F214-BF69-4AF2-8E76-1E8E3D84100F} = {E1982527-C0B5-48A6-A86C-AD373A0A62D1}
	EndGlobalSection
	GlobalSection(ExtensibilityGlobals) = postSolution
		SolutionGuid = {5B1CBF55-FF73-4C0A-912E-94835FA242D9}
	EndGlobalSection
EndGlobal
